
Microsoft Visual Studio Solution File, Format Version 12.00
# Visual Studio Version 17
VisualStudioVersion = 17.14.36109.1 d17.14
MinimumVisualStudioVersion = 10.0.40219.1
Project("{FAE04EC0-301F-11D3-BF4B-00C04F79EFBC}") = "SchedulePlanner", "SchedulePlanner\SchedulePlanner.csproj", "{C96A9FD3-6645-4E72-8FFA-31DEB432400A}"
EndProject
Global
	GlobalSection(SolutionConfigurationPlatforms) = preSolution
		Debug|Any CPU = Debug|Any CPU
		Release|Any CPU = Release|Any CPU
	EndGlobalSection
	GlobalSection(ProjectConfigurationPlatforms) = postSolution
		{C96A9FD3-6645-4E72-8FFA-31DEB432400A}.Debug|Any CPU.ActiveCfg = Debug|Any CPU
		{C96A9FD3-6645-4E72-8FFA-31DEB432400A}.Debug|Any CPU.Build.0 = Debug|Any CPU
		{C96A9FD3-6645-4E72-8FFA-31DEB432400A}.Release|Any CPU.ActiveCfg = Release|Any CPU
		{C96A9FD3-6645-4E72-8FFA-31DEB432400A}.Release|Any CPU.Build.0 = Release|Any CPU
	EndGlobalSection
	GlobalSection(SolutionProperties) = preSolution
		HideSolutionNode = FALSE
	EndGlobalSection
	GlobalSection(ExtensibilityGlobals) = postSolution
		SolutionGuid = {80E2B767-29E6-4B95-BAEB-8510BCBEC2A9}
	EndGlobalSection
EndGlobal
